{
    "_readme": [
        "This file locks the dependencies of your project to a known state",
        "Read more about it at https://getcomposer.org/doc/01-basic-usage.md#installing-dependencies",
        "This file is @generated automatically"
    ],
    "content-hash": "7e43995ae014e369c47bc668c69828e4",
    "packages": [
        {
            "name": "components/jquery",
            "version": "v3.7.1",
            "source": {
                "type": "git",
                "url": "https://github.com/components/jquery.git",
                "reference": "8edc7785239bb8c2ad2b83302b856a1d61de60e7"
            },
            "dist": {
                "type": "zip",
                "url": "https://api.github.com/repos/components/jquery/zipball/8edc7785239bb8c2ad2b83302b856a1d61de60e7",
                "reference": "8edc7785239bb8c2ad2b83302b856a1d61de60e7",
                "shasum": ""
            },
            "type": "component",
            "extra": {
                "component": {
                    "files": [
                        "jquery.min.js",
                        "jquery.min.map",
                        "jquery.slim.js",
                        "jquery.slim.min.js",
                        "jquery.slim.min.map"
                    ],
                    "scripts": [
                        "jquery.js"
                    ]
                }
            },
            "notification-url": "https://packagist.org/downloads/",
            "license": [
                "MIT"
            ],
            "authors": [
                {
                    "name": "JS Foundation and other contributors"
                }
            ],
            "description": "jQuery JavaScript Library",
            "homepage": "http://jquery.com",
            "support": {
                "forum": "http://forum.jquery.com",
                "irc": "irc://irc.freenode.org/jquery",
                "issues": "https://github.com/jquery/jquery/issues",
                "source": "https://github.com/jquery/jquery",
                "wiki": "http://docs.jquery.com/"
            },
            "time": "2023-09-22T01:43:46+00:00"
        },
        {
            "name": "composer/installers",
            "version": "v2.3.0",
            "source": {
                "type": "git",
                "url": "https://github.com/composer/installers.git",
                "reference": "12fb2dfe5e16183de69e784a7b84046c43d97e8e"
            },
            "dist": {
                "type": "zip",
                "url": "https://api.github.com/repos/composer/installers/zipball/12fb2dfe5e16183de69e784a7b84046c43d97e8e",
                "reference": "12fb2dfe5e16183de69e784a7b84046c43d97e8e",
                "shasum": ""
            },
            "require": {
                "composer-plugin-api": "^1.0 || ^2.0",
                "php": "^7.2 || ^8.0"
            },
            "require-dev": {
                "composer/composer": "^1.10.27 || ^2.7",
                "composer/semver": "^1.7.2 || ^3.4.0",
                "phpstan/phpstan": "^1.11",
                "phpstan/phpstan-phpunit": "^1",
                "symfony/phpunit-bridge": "^7.1.1",
                "symfony/process": "^5 || ^6 || ^7"
            },
            "type": "composer-plugin",
            "extra": {
                "class": "Composer\\Installers\\Plugin",
                "branch-alias": {
                    "dev-main": "2.x-dev"
                },
                "plugin-modifies-install-path": true
            },
            "autoload": {
                "psr-4": {
                    "Composer\\Installers\\": "src/Composer/Installers"
                }
            },
            "notification-url": "https://packagist.org/downloads/",
            "license": [
                "MIT"
            ],
            "authors": [
                {
                    "name": "Kyle Robinson Young",
                    "email": "kyle@dontkry.com",
                    "homepage": "https://github.com/shama"
                }
            ],
            "description": "A multi-framework Composer library installer",
            "homepage": "https://composer.github.io/installers/",
            "keywords": [
                "Dolibarr",
                "Eliasis",
                "Hurad",
                "ImageCMS",
                "Kanboard",
                "Lan Management System",
                "MODX Evo",
                "MantisBT",
                "Mautic",
                "Maya",
                "OXID",
                "Plentymarkets",
                "Porto",
                "RadPHP",
                "SMF",
                "Starbug",
                "Thelia",
                "Whmcs",
                "WolfCMS",
                "agl",
                "annotatecms",
                "attogram",
                "bitrix",
                "cakephp",
                "chef",
                "cockpit",
                "codeigniter",
                "concrete5",
                "concreteCMS",
                "croogo",
                "dokuwiki",
                "drupal",
                "eZ Platform",
                "elgg",
                "expressionengine",
                "fuelphp",
                "grav",
                "installer",
                "itop",
                "known",
                "kohana",
                "laravel",
                "lavalite",
                "lithium",
                "magento",
                "majima",
                "mako",
                "matomo",
                "mediawiki",
                "miaoxing",
                "modulework",
                "modx",
                "moodle",
                "osclass",
                "pantheon",
                "phpbb",
                "piwik",
                "ppi",
                "processwire",
                "puppet",
                "pxcms",
                "reindex",
                "roundcube",
                "shopware",
                "silverstripe",
                "sydes",
                "sylius",
                "tastyigniter",
                "wordpress",
                "yawik",
                "zend",
                "zikula"
            ],
            "support": {
                "issues": "https://github.com/composer/installers/issues",
                "source": "https://github.com/composer/installers/tree/v2.3.0"
            },
            "funding": [
                {
                    "url": "https://packagist.com",
                    "type": "custom"
                },
                {
                    "url": "https://github.com/composer",
                    "type": "github"
                },
                {
                    "url": "https://tidelift.com/funding/github/packagist/composer/composer",
                    "type": "tidelift"
                }
            ],
            "time": "2024-06-24T20:46:46+00:00"
        },
        {
            "name": "datatables/datatables",
            "version": "1.10.21",
            "source": {
                "type": "git",
                "url": "https://github.com/DataTables/DataTables.git",
                "reference": "83e59694a105225ff889ddfa0d723a3ab24fda78"
            },
            "dist": {
                "type": "zip",
                "url": "https://api.github.com/repos/DataTables/DataTables/zipball/83e59694a105225ff889ddfa0d723a3ab24fda78",
                "reference": "83e59694a105225ff889ddfa0d723a3ab24fda78",
                "shasum": ""
            },
            "type": "library",
            "notification-url": "https://packagist.org/downloads/",
            "license": [
                "MIT"
            ],
            "description": "DataTables is a plug-in for the jQuery Javascript library. It is a highly flexible tool, based upon the foundations of progressive enhancement, which will add advanced interaction controls to any HTML table.",
            "homepage": "http://www.datatables.net/",
            "support": {
                "forum": "https://datatables.net/forums",
                "source": "https://github.com/DataTables/DataTablesSrc/"
            },
            "time": "2020-05-21T10:08:44+00:00"
        },
        {
            "name": "enyo/dropzone",
            "version": "v5.9.3",
            "source": {
                "type": "git",
                "url": "https://github.com/dropzone/dropzone-packagist.git",
                "reference": "286b2dc1f1195bd12169e4c9d5f91cfbe46e245f"
            },
            "dist": {
                "type": "zip",
                "url": "https://api.github.com/repos/dropzone/dropzone-packagist/zipball/286b2dc1f1195bd12169e4c9d5f91cfbe46e245f",
                "reference": "286b2dc1f1195bd12169e4c9d5f91cfbe46e245f",
                "shasum": ""
            },
            "type": "library",
            "notification-url": "https://packagist.org/downloads/",
            "license": [
                "MIT"
            ],
            "authors": [
                {
                    "name": "Matias Meno",
                    "email": "m@tias.me",
                    "homepage": "http://www.yesmeno.com"
                }
            ],
            "description": "Handles drag and drop of files for you.",
            "homepage": "http://www.dropzonejs.com",
            "keywords": [
                "drag and drop",
                "dragndrop",
                "file upload",
                "upload"
            ],
            "support": {
                "issues": "https://github.com/dropzone/dropzone-packagist/issues",
                "source": "https://github.com/dropzone/dropzone-packagist/tree/v5.9.3"
            },
            "time": "2021-09-21T17:03:36+00:00"
        },
        {
            "name": "fullcalendar/fullcalendar",
            "version": "v3.10.5",
            "source": {
                "type": "git",
                "url": "https://github.com/fullcalendar/fullcalendar.git",
                "reference": "791e71059c597473d48d1d1aa2f72cbff670252c"
            },
            "dist": {
                "type": "zip",
                "url": "https://api.github.com/repos/fullcalendar/fullcalendar/zipball/791e71059c597473d48d1d1aa2f72cbff670252c",
                "reference": "791e71059c597473d48d1d1aa2f72cbff670252c",
                "shasum": ""
            },
            "require": {
                "components/jquery": "2 - 3",
                "moment/moment": "^2.20.1",
                "robloach/component-installer": "*"
            },
            "type": "component",
            "extra": {
                "component": {
                    "files": [
                        "dist/fullcalendar.min.js",
                        "dist/fullcalendar.min.css",
                        "dist/fullcalendar.print.css",
                        "dist/fullcalendar.print.min.css",
                        "dist/gcal.js",
                        "dist/gcal.min.js",
                        "dist/locale-all.js",
                        "dist/locale/*.js"
                    ],
                    "styles": [
                        "dist/fullcalendar.css"
                    ],
                    "scripts": [
                        "dist/fullcalendar.js"
                    ]
                }
            },
            "notification-url": "https://packagist.org/downloads/",
            "license": [
                "MIT"
            ],
            "authors": [
                {
                    "name": "Adam Shaw",
                    "email": "arshaw@arshaw.com",
                    "homepage": "http://arshaw.com/"
                }
            ],
            "description": "Full-sized drag & drop event calendar",
            "homepage": "https://fullcalendar.io/",
            "keywords": [
                "calendar",
                "event",
                "full-sized",
                "jquery-plugin"
            ],
            "support": {
                "issues": "https://github.com/fullcalendar/fullcalendar/issues",
                "source": "https://github.com/fullcalendar/fullcalendar/tree/v3.10.5"
            },
            "time": "2021-11-02T23:57:34+00:00"
        },
        {
            "name": "kriswallsmith/assetic",
            "version": "v1.4.0",
            "source": {
                "type": "git",
                "url": "https://github.com/kriswallsmith/assetic.git",
                "reference": "e911c437dbdf006a8f62c2f59b15b2d69a5e0aa1"
            },
            "dist": {
                "type": "zip",
                "url": "https://api.github.com/repos/kriswallsmith/assetic/zipball/e911c437dbdf006a8f62c2f59b15b2d69a5e0aa1",
                "reference": "e911c437dbdf006a8f62c2f59b15b2d69a5e0aa1",
                "shasum": ""
            },
            "require": {
                "php": ">=5.3.1",
                "symfony/process": "~2.1|~3.0"
            },
            "conflict": {
                "twig/twig": "<1.27"
            },
            "require-dev": {
                "leafo/lessphp": "^0.3.7",
                "leafo/scssphp": "~0.1",
                "meenie/javascript-packer": "^1.1",
                "mrclay/minify": "<2.3",
                "natxet/cssmin": "3.0.4",
                "patchwork/jsqueeze": "~1.0|~2.0",
                "phpunit/phpunit": "~4.8 || ^5.6",
                "psr/log": "~1.0",
                "ptachoire/cssembed": "~1.0",
                "symfony/phpunit-bridge": "~2.7|~3.0",
                "twig/twig": "~1.23|~2.0",
                "yfix/packager": "dev-master"
            },
            "suggest": {
                "leafo/lessphp": "Assetic provides the integration with the lessphp LESS compiler",
                "leafo/scssphp": "Assetic provides the integration with the scssphp SCSS compiler",
                "leafo/scssphp-compass": "Assetic provides the integration with the SCSS compass plugin",
                "patchwork/jsqueeze": "Assetic provides the integration with the JSqueeze JavaScript compressor",
                "ptachoire/cssembed": "Assetic provides the integration with phpcssembed to embed data uris",
                "twig/twig": "Assetic provides the integration with the Twig templating engine"
            },
            "type": "library",
            "extra": {
                "branch-alias": {
                    "dev-master": "1.4-dev"
                }
            },
            "autoload": {
                "files": [
                    "src/functions.php"
                ],
                "psr-0": {
                    "Assetic": "src/"
                }
            },
            "notification-url": "https://packagist.org/downloads/",
            "license": [
                "MIT"
            ],
            "authors": [
                {
                    "name": "Kris Wallsmith",
                    "email": "kris.wallsmith@gmail.com",
                    "homepage": "http://kriswallsmith.net/"
                }
            ],
            "description": "Asset Management for PHP",
            "homepage": "https://github.com/kriswallsmith/assetic",
            "keywords": [
                "assets",
                "compression",
                "minification"
            ],
            "support": {
                "issues": "https://github.com/kriswallsmith/assetic/issues",
                "source": "https://github.com/kriswallsmith/assetic/tree/master"
            },
            "time": "2016-11-11T18:43:20+00:00"
        },
        {
            "name": "moment/moment",
            "version": "2.30.1",
            "source": {
                "type": "git",
                "url": "https://github.com/moment/moment.git",
                "reference": "485d9a7d709bd5f3869a7ad24630cf0746d072dc"
            },
            "dist": {
                "type": "zip",
                "url": "https://api.github.com/repos/moment/moment/zipball/485d9a7d709bd5f3869a7ad24630cf0746d072dc",
                "reference": "485d9a7d709bd5f3869a7ad24630cf0746d072dc",
                "shasum": ""
            },
            "require": {
                "oomphinc/composer-installers-extender": "*"
            },
            "type": "component",
            "extra": {
                "component": {
                    "files": [
                        "min/*.js",
                        "locale/*.js"
                    ],
                    "scripts": [
                        "moment.js"
                    ]
                }
            },
            "notification-url": "https://packagist.org/downloads/",
            "license": [
                "MIT"
            ],
            "authors": [
                {
                    "name": "Tim Wood",
                    "email": "washwithcare@gmail.com"
                }
            ],
            "description": "Parse, validate, manipulate, and display dates in JavaScript.",
            "homepage": "https://github.com/moment/moment",
            "keywords": [
                "date",
                "ender",
                "format",
                "i18n",
                "l10n",
                "moment",
                "parse",
                "time",
                "validate"
            ],
            "support": {
                "issues": "https://github.com/moment/moment/issues",
                "source": "https://github.com/moment/moment/tree/2.30.1"
            },
            "time": "2023-12-27T10:35:18+00:00"
        },
        {
            "name": "oomphinc/composer-installers-extender",
            "version": "2.0.1",
            "source": {
                "type": "git",
                "url": "https://github.com/oomphinc/composer-installers-extender.git",
                "reference": "cbf4b6f9a24153b785d09eee755b995ba87bd5f9"
            },
            "dist": {
                "type": "zip",
                "url": "https://api.github.com/repos/oomphinc/composer-installers-extender/zipball/cbf4b6f9a24153b785d09eee755b995ba87bd5f9",
                "reference": "cbf4b6f9a24153b785d09eee755b995ba87bd5f9",
                "shasum": ""
            },
            "require": {
                "composer-plugin-api": "^1.1 || ^2.0",
                "composer/installers": "^1.0 || ^2.0",
                "php": ">=7.1"
            },
            "require-dev": {
                "composer/composer": "^2.0",
                "phpunit/phpunit": "^7.2",
                "squizlabs/php_codesniffer": "^3.3"
            },
            "type": "composer-plugin",
            "extra": {
                "class": "OomphInc\\ComposerInstallersExtender\\Plugin"
            },
            "autoload": {
                "psr-4": {
                    "OomphInc\\ComposerInstallersExtender\\": "src/"
                }
            },
            "notification-url": "https://packagist.org/downloads/",
            "license": [
                "MIT"
            ],
            "authors": [
                {
                    "name": "Stephen Beemsterboer",
                    "email": "stephen@oomphinc.com",
                    "homepage": "https://github.com/balbuf"
                },
                {
                    "name": "Nathan Dentzau",
                    "email": "nate@oomphinc.com",
                    "homepage": "http://oomph.is/ndentzau"
                }
            ],
            "description": "Extend the composer/installers plugin to accept any arbitrary package type.",
            "homepage": "http://www.oomphinc.com/",
            "support": {
                "issues": "https://github.com/oomphinc/composer-installers-extender/issues",
                "source": "https://github.com/oomphinc/composer-installers-extender/tree/2.0.1"
            },
            "time": "2021-12-15T12:32:42+00:00"
        },
        {
            "name": "phpmailer/phpmailer",
            "version": "v6.12.0",
            "source": {
                "type": "git",
                "url": "https://github.com/PHPMailer/PHPMailer.git",
                "reference": "d1ac35d784bf9f5e61b424901d5a014967f15b12"
            },
            "dist": {
                "type": "zip",
                "url": "https://api.github.com/repos/PHPMailer/PHPMailer/zipball/d1ac35d784bf9f5e61b424901d5a014967f15b12",
                "reference": "d1ac35d784bf9f5e61b424901d5a014967f15b12",
                "shasum": ""
            },
            "require": {
                "ext-ctype": "*",
                "ext-filter": "*",
                "ext-hash": "*",
                "php": ">=5.5.0"
            },
            "require-dev": {
                "dealerdirect/phpcodesniffer-composer-installer": "^1.0",
                "doctrine/annotations": "^1.2.6 || ^1.13.3",
                "php-parallel-lint/php-console-highlighter": "^1.0.0",
                "php-parallel-lint/php-parallel-lint": "^1.3.2",
                "phpcompatibility/php-compatibility": "^9.3.5",
                "roave/security-advisories": "dev-latest",
                "squizlabs/php_codesniffer": "^3.7.2",
                "yoast/phpunit-polyfills": "^1.0.4"
            },
            "suggest": {
                "decomplexity/SendOauth2": "Adapter for using XOAUTH2 authentication",
                "ext-mbstring": "Needed to send email in multibyte encoding charset or decode encoded addresses",
                "ext-openssl": "Needed for secure SMTP sending and DKIM signing",
                "greew/oauth2-azure-provider": "Needed for Microsoft Azure XOAUTH2 authentication",
                "hayageek/oauth2-yahoo": "Needed for Yahoo XOAUTH2 authentication",
                "league/oauth2-google": "Needed for Google XOAUTH2 authentication",
                "psr/log": "For optional PSR-3 debug logging",
                "symfony/polyfill-mbstring": "To support UTF-8 if the Mbstring PHP extension is not enabled (^1.2)",
                "thenetworg/oauth2-azure": "Needed for Microsoft XOAUTH2 authentication"
            },
            "type": "library",
            "autoload": {
                "psr-4": {
                    "PHPMailer\\PHPMailer\\": "src/"
                }
            },
            "notification-url": "https://packagist.org/downloads/",
            "license": [
                "LGPL-2.1-only"
            ],
            "authors": [
                {
                    "name": "Marcus Bointon",
                    "email": "phpmailer@synchromedia.co.uk"
                },
                {
                    "name": "Jim Jagielski",
                    "email": "jimjag@gmail.com"
                },
                {
                    "name": "Andy Prevost",
                    "email": "codeworxtech@users.sourceforge.net"
                },
                {
                    "name": "Brent R. Matzelle"
                }
            ],
            "description": "PHPMailer is a full-featured email creation and transfer class for PHP",
            "support": {
                "issues": "https://github.com/PHPMailer/PHPMailer/issues",
                "source": "https://github.com/PHPMailer/PHPMailer/tree/v6.12.0"
            },
            "funding": [
                {
                    "url": "https://github.com/Synchro",
                    "type": "github"
                }
            ],
            "time": "2025-10-15T16:49:08+00:00"
        },
        {
            "name": "robloach/component-installer",
            "version": "0.0.12",
            "source": {
                "type": "git",
                "url": "https://github.com/RobLoach/component-installer.git",
                "reference": "1864f25db21fc173e02a359f646acd596c1b0460"
            },
            "dist": {
                "type": "zip",
                "url": "https://api.github.com/repos/RobLoach/component-installer/zipball/1864f25db21fc173e02a359f646acd596c1b0460",
                "reference": "1864f25db21fc173e02a359f646acd596c1b0460",
                "shasum": ""
            },
            "require": {
                "kriswallsmith/assetic": "1.*",
                "php": ">=5.3.2"
            },
            "require-dev": {
                "composer/composer": "1.*"
            },
            "type": "composer-installer",
            "extra": {
                "class": "ComponentInstaller\\Installer"
            },
            "autoload": {
                "psr-0": {
                    "ComponentInstaller": "src/"
                }
            },
            "notification-url": "https://packagist.org/downloads/",
            "license": [
                "MIT"
            ],
            "authors": [
                {
                    "name": "Rob Loach",
                    "email": "robloach@gmail.com",
                    "homepage": "http://robloach.net"
                }
            ],
            "description": "Allows installation of Components via Composer.",
            "support": {
                "issues": "https://github.com/RobLoach/component-installer/issues",
                "source": "https://github.com/RobLoach/component-installer/tree/master"
            },
            "abandoned": "oomphinc/composer-installers-extender",
            "time": "2013-08-31T23:46:48+00:00"
        },
        {
            "name": "shuchkin/simplexlsx",
            "version": "1.1.14",
            "source": {
                "type": "git",
                "url": "https://github.com/shuchkin/simplexlsx.git",
                "reference": "00006719a4d5df6426fa86c6586a5804941e8c38"
            },
            "dist": {
                "type": "zip",
                "url": "https://api.github.com/repos/shuchkin/simplexlsx/zipball/00006719a4d5df6426fa86c6586a5804941e8c38",
                "reference": "00006719a4d5df6426fa86c6586a5804941e8c38",
                "shasum": ""
            },
            "require": {
                "ext-libxml": "*",
                "ext-mbstring": "*",
                "ext-simplexml": "*",
                "ext-zlib": "*",
                "php": ">=5.5"
            },
            "type": "library",
            "autoload": {
                "classmap": [
                    "src/SimpleXLSX.php"
                ]
            },
            "notification-url": "https://packagist.org/downloads/",
            "license": [
                "MIT"
            ],
            "authors": [
                {
                    "name": "Sergey Shuchkin (SMSPILOT)",
                    "email": "sergey.shuchkin@gmail.com",
                    "homepage": "https://github.com/shuchkin"
                }
            ],
            "description": "Parse and retrieve data from Excel XLSx files. MS Excel 2007 workbooks PHP reader.",
            "homepage": "https://github.com/shuchkin/simplexlsx",
            "keywords": [
                "backend",
                "excel",
                "parser",
                "php",
                "reader",
                "xlsx"
            ],
            "support": {
                "issues": "https://github.com/shuchkin/simplexlsx/issues",
                "source": "https://github.com/shuchkin/simplexlsx/tree/1.1.14"
            },
            "time": "2025-05-21T14:34:33+00:00"
        },
        {
            "name": "symfony/process",
            "version": "v3.4.47",
            "source": {
                "type": "git",
                "url": "https://github.com/symfony/process.git",
                "reference": "b8648cf1d5af12a44a51d07ef9bf980921f15fca"
            },
            "dist": {
                "type": "zip",
                "url": "https://api.github.com/repos/symfony/process/zipball/b8648cf1d5af12a44a51d07ef9bf980921f15fca",
                "reference": "b8648cf1d5af12a44a51d07ef9bf980921f15fca",
                "shasum": ""
            },
            "require": {
                "php": "^5.5.9|>=7.0.8"
            },
            "type": "library",
            "autoload": {
                "psr-4": {
                    "Symfony\\Component\\Process\\": ""
                },
                "exclude-from-classmap": [
                    "/Tests/"
                ]
            },
            "notification-url": "https://packagist.org/downloads/",
            "license": [
                "MIT"
            ],
            "authors": [
                {
                    "name": "Fabien Potencier",
                    "email": "fabien@symfony.com"
                },
                {
                    "name": "Symfony Community",
                    "homepage": "https://symfony.com/contributors"
                }
            ],
            "description": "Symfony Process Component",
            "homepage": "https://symfony.com",
            "support": {
                "source": "https://github.com/symfony/process/tree/v3.4.47"
            },
            "funding": [
                {
                    "url": "https://symfony.com/sponsor",
                    "type": "custom"
                },
                {
                    "url": "https://github.com/fabpot",
                    "type": "github"
                },
                {
                    "url": "https://tidelift.com/funding/github/packagist/symfony/symfony",
                    "type": "tidelift"
                }
            ],
            "time": "2020-10-24T10:57:07+00:00"
        },
        {
            "name": "tinymce/tinymce",
            "version": "7.9.1",
            "source": {
                "type": "git",
                "url": "https://github.com/tinymce/tinymce-dist.git",
                "reference": "3d6219296c9a92c87337bb38fb502a469ac1167f"
            },
            "dist": {
                "type": "zip",
                "url": "https://api.github.com/repos/tinymce/tinymce-dist/zipball/3d6219296c9a92c87337bb38fb502a469ac1167f",
                "reference": "3d6219296c9a92c87337bb38fb502a469ac1167f",
                "shasum": ""
            },
            "type": "component",
            "extra": {
                "component": {
                    "files": [
                        "tinymce.min.js",
                        "plugins/*/plugin.min.js",
                        "themes/*/theme.min.js",
                        "models/*/model.min.js",
                        "skins/**",
                        "icons/*/icons.min.js"
                    ],
                    "scripts": [
                        "tinymce.js",
                        "plugins/*/plugin.js",
                        "themes/*/theme.js",
                        "models/*/model.js",
                        "icons/*/icons.js"
                    ]
                }
            },
            "notification-url": "https://packagist.org/downloads/",
            "license": [
                "GPL-2.0-or-later"
            ],
            "description": "Web based JavaScript HTML WYSIWYG editor control.",
            "homepage": "https://www.tiny.cloud/",
            "keywords": [
                "contenteditable",
                "editing",
                "html",
                "javascript",
                "rich editor",
                "rich text",
                "rich text editor",
                "richtext",
                "rte",
                "text",
                "tinymce",
                "wysiwyg"
            ],
            "support": {
                "source": "https://github.com/tinymce/tinymce-dist/tree/7.9.1"
            },
            "time": "2025-05-29T02:22:36+00:00"
        },
        {
            "name": "twbs/bootstrap",
            "version": "v5.3.8",
            "source": {
                "type": "git",
                "url": "https://github.com/twbs/bootstrap.git",
                "reference": "25aa8cc0b32f0d1a54be575347e6d84b70b1acd7"
            },
            "dist": {
                "type": "zip",
                "url": "https://api.github.com/repos/twbs/bootstrap/zipball/25aa8cc0b32f0d1a54be575347e6d84b70b1acd7",
                "reference": "25aa8cc0b32f0d1a54be575347e6d84b70b1acd7",
                "shasum": ""
            },
            "replace": {
                "twitter/bootstrap": "self.version"
            },
            "type": "library",
            "notification-url": "https://packagist.org/downloads/",
            "license": [
                "MIT"
            ],
            "authors": [
                {
                    "name": "Mark Otto",
                    "email": "markdotto@gmail.com"
                },
                {
                    "name": "Jacob Thornton",
                    "email": "jacobthornton@gmail.com"
                }
            ],
            "description": "The most popular front-end framework for developing responsive, mobile first projects on the web.",
            "homepage": "https://getbootstrap.com/",
            "keywords": [
                "JS",
                "css",
                "framework",
                "front-end",
                "mobile-first",
                "responsive",
                "sass",
                "web"
            ],
            "support": {
                "issues": "https://github.com/twbs/bootstrap/issues",
                "source": "https://github.com/twbs/bootstrap/tree/v5.3.8"
            },
            "time": "2025-08-26T02:01:02+00:00"
        },
        {
            "name": "twbs/bootstrap-icons",
            "version": "v1.13.1",
            "source": {
                "type": "git",
                "url": "https://github.com/twbs/icons.git",
                "reference": "ce0e49dd063243118a115f17ad1fe1fe7576d552"
            },
            "dist": {
                "type": "zip",
                "url": "https://api.github.com/repos/twbs/icons/zipball/ce0e49dd063243118a115f17ad1fe1fe7576d552",
                "reference": "ce0e49dd063243118a115f17ad1fe1fe7576d552",
                "shasum": ""
            },
            "type": "library",
            "notification-url": "https://packagist.org/downloads/",
            "license": [
                "MIT"
            ],
            "authors": [
                {
                    "name": "Mark Otto",
                    "email": "markdotto@gmail.com"
                }
            ],
            "description": "Official open source SVG icon library for Bootstrap",
            "homepage": "https://icons.getbootstrap.com/",
            "keywords": [
                "bootstrap",
                "icon font",
                "icons",
                "svg"
            ],
            "support": {
                "issues": "https://github.com/twbs/icons/issues",
                "source": "https://github.com/twbs/icons/tree/v1.13.1"
            },
            "time": "2025-05-09T23:01:19+00:00"
        }
    ],
    "packages-dev": [],
    "aliases": [],
    "minimum-stability": "stable",
    "stability-flags": {},
    "prefer-stable": false,
    "prefer-lowest": false,
    "platform": {},
    "platform-dev": {},
    "plugin-api-version": "2.6.0"
}
